// !$*UTF8*$!
{
	archiveVersion = 1;
	classes = {
	};
	objectVersion = 56;
	objects = {

/* Begin PBXBuildFile section */
		1BE9E2783DB552D62F3BCFBB /* Pods_cool_ios.framework in Frameworks */ = {isa = PBXBuildFile; fileRef = 8AA9A7FC9BCD6BCBB0DC6EA2 /* Pods_cool_ios.framework */; };
		259808F34C1CB09B7FC41F5A /* Pods_cool_ios_cool_iosUITests.framework in Frameworks */ = {isa = PBXBuildFile; fileRef = 775C5C753A64196E2D2D6E36 /* Pods_cool_ios_cool_iosUITests.framework */; };
		B7F3CC3F497C5AB0B379705D /* Pods_cool_iosTests.framework in Frameworks */ = {isa = PBXBuildFile; fileRef = 367F70064F37B81F9584F6B7 /* Pods_cool_iosTests.framework */; };
		DF0D94822CEF817500E6C3B9 /* AppDelegate.swift in Sources */ = {isa = PBXBuildFile; fileRef = DF0D94812CEF817500E6C3B9 /* AppDelegate.swift */; };
		DF0D94842CEF817500E6C3B9 /* SceneDelegate.swift in Sources */ = {isa = PBXBuildFile; fileRef = DF0D94832CEF817500E6C3B9 /* SceneDelegate.swift */; };
		DF0D94862CEF817500E6C3B9 /* ViewController.swift in Sources */ = {isa = PBXBuildFile; fileRef = DF0D94852CEF817500E6C3B9 /* ViewController.swift */; };
		DF0D94892CEF817500E6C3B9 /* Base in Resources */ = {isa = PBXBuildFile; fileRef = DF0D94882CEF817500E6C3B9 /* Base */; };
		DF0D948B2CEF817600E6C3B9 /* Assets.xcassets in Resources */ = {isa = PBXBuildFile; fileRef = DF0D948A2CEF817600E6C3B9 /* Assets.xcassets */; };
		DF0D948E2CEF817600E6C3B9 /* Base in Resources */ = {isa = PBXBuildFile; fileRef = DF0D948D2CEF817600E6C3B9 /* Base */; };
		DF0D94992CEF817600E6C3B9 /* cool_iosTests.swift in Sources */ = {isa = PBXBuildFile; fileRef = DF0D94982CEF817600E6C3B9 /* cool_iosTests.swift */; };
		DF0D94A32CEF817600E6C3B9 /* cool_iosUITests.swift in Sources */ = {isa = PBXBuildFile; fileRef = DF0D94A22CEF817600E6C3B9 /* cool_iosUITests.swift */; };
		DF0D94A52CEF817600E6C3B9 /* cool_iosUITestsLaunchTests.swift in Sources */ = {isa = PBXBuildFile; fileRef = DF0D94A42CEF817600E6C3B9 /* cool_iosUITestsLaunchTests.swift */; };
		DF0D94B62CF0210600E6C3B9 /* Info-Debug.plist in Resources */ = {isa = PBXBuildFile; fileRef = DF0D94B52CF0210600E6C3B9 /* Info-Debug.plist */; };
/* End PBXBuildFile section */

/* Begin PBXContainerItemProxy section */
		DF0D94952CEF817600E6C3B9 /* PBXContainerItemProxy */ = {
			isa = PBXContainerItemProxy;
			containerPortal = DF0D94762CEF817500E6C3B9 /* Project object */;
			proxyType = 1;
			remoteGlobalIDString = DF0D947D2CEF817500E6C3B9;
			remoteInfo = "cool-ios";
		};
		DF0D949F2CEF817600E6C3B9 /* PBXContainerItemProxy */ = {
			isa = PBXContainerItemProxy;
			containerPortal = DF0D94762CEF817500E6C3B9 /* Project object */;
			proxyType = 1;
			remoteGlobalIDString = DF0D947D2CEF817500E6C3B9;
			remoteInfo = "cool-ios";
		};
/* End PBXContainerItemProxy section */

/* Begin PBXFileReference section */
		0FC11333BF45A7C6320553CE /* Pods-cool-ios.release.xcconfig */ = {isa = PBXFileReference; includeInIndex = 1; lastKnownFileType = text.xcconfig; name = "Pods-cool-ios.release.xcconfig"; path = "Target Support Files/Pods-cool-ios/Pods-cool-ios.release.xcconfig"; sourceTree = "<group>"; };
		367F70064F37B81F9584F6B7 /* Pods_cool_iosTests.framework */ = {isa = PBXFileReference; explicitFileType = wrapper.framework; includeInIndex = 0; path = Pods_cool_iosTests.framework; sourceTree = BUILT_PRODUCTS_DIR; };
		53D0740219C1D2C95DE6DE65 /* Pods-cool-iosTests.debug.xcconfig */ = {isa = PBXFileReference; includeInIndex = 1; lastKnownFileType = text.xcconfig; name = "Pods-cool-iosTests.debug.xcconfig"; path = "Target Support Files/Pods-cool-iosTests/Pods-cool-iosTests.debug.xcconfig"; sourceTree = "<group>"; };
		6FF576628E92CB7FA0DE5BD6 /* Pods-cool-iosTests.release.xcconfig */ = {isa = PBXFileReference; includeInIndex = 1; lastKnownFileType = text.xcconfig; name = "Pods-cool-iosTests.release.xcconfig"; path = "Target Support Files/Pods-cool-iosTests/Pods-cool-iosTests.release.xcconfig"; sourceTree = "<group>"; };
		76327F4EC35BBC9065C86BDA /* Pods-cool-ios.debug.xcconfig */ = {isa = PBXFileReference; includeInIndex = 1; lastKnownFileType = text.xcconfig; name = "Pods-cool-ios.debug.xcconfig"; path = "Target Support Files/Pods-cool-ios/Pods-cool-ios.debug.xcconfig"; sourceTree = "<group>"; };
		775C5C753A64196E2D2D6E36 /* Pods_cool_ios_cool_iosUITests.framework */ = {isa = PBXFileReference; explicitFileType = wrapper.framework; includeInIndex = 0; path = Pods_cool_ios_cool_iosUITests.framework; sourceTree = BUILT_PRODUCTS_DIR; };
		8AA9A7FC9BCD6BCBB0DC6EA2 /* Pods_cool_ios.framework */ = {isa = PBXFileReference; explicitFileType = wrapper.framework; includeInIndex = 0; path = Pods_cool_ios.framework; sourceTree = BUILT_PRODUCTS_DIR; };
		8CDB75B15451F8943025AC72 /* Pods-cool-ios-cool-iosUITests.debug.xcconfig */ = {isa = PBXFileReference; includeInIndex = 1; lastKnownFileType = text.xcconfig; name = "Pods-cool-ios-cool-iosUITests.debug.xcconfig"; path = "Target Support Files/Pods-cool-ios-cool-iosUITests/Pods-cool-ios-cool-iosUITests.debug.xcconfig"; sourceTree = "<group>"; };
		BC36236437677D0C6E5671F4 /* Pods-cool-ios-cool-iosUITests.release.xcconfig */ = {isa = PBXFileReference; includeInIndex = 1; lastKnownFileType = text.xcconfig; name = "Pods-cool-ios-cool-iosUITests.release.xcconfig"; path = "Target Support Files/Pods-cool-ios-cool-iosUITests/Pods-cool-ios-cool-iosUITests.release.xcconfig"; sourceTree = "<group>"; };
		DF0D947E2CEF817500E6C3B9 /* cool-ios.app */ = {isa = PBXFileReference; explicitFileType = wrapper.application; includeInIndex = 0; path = "cool-ios.app"; sourceTree = BUILT_PRODUCTS_DIR; };
		DF0D94812CEF817500E6C3B9 /* AppDelegate.swift */ = {isa = PBXFileReference; lastKnownFileType = sourcecode.swift; path = AppDelegate.swift; sourceTree = "<group>"; };
		DF0D94832CEF817500E6C3B9 /* SceneDelegate.swift */ = {isa = PBXFileReference; lastKnownFileType = sourcecode.swift; path = SceneDelegate.swift; sourceTree = "<group>"; };
		DF0D94852CEF817500E6C3B9 /* ViewController.swift */ = {isa = PBXFileReference; lastKnownFileType = sourcecode.swift; path = ViewController.swift; sourceTree = "<group>"; };
		DF0D94882CEF817500E6C3B9 /* Base */ = {isa = PBXFileReference; lastKnownFileType = file.storyboard; name = Base; path = Base.lproj/Main.storyboard; sourceTree = "<group>"; };
		DF0D948A2CEF817600E6C3B9 /* Assets.xcassets */ = {isa = PBXFileReference; lastKnownFileType = folder.assetcatalog; path = Assets.xcassets; sourceTree = "<group>"; };
		DF0D948D2CEF817600E6C3B9 /* Base */ = {isa = PBXFileReference; lastKnownFileType = file.storyboard; name = Base; path = Base.lproj/LaunchScreen.storyboard; sourceTree = "<group>"; };
		DF0D94942CEF817600E6C3B9 /* cool-iosTests.xctest */ = {isa = PBXFileReference; explicitFileType = wrapper.cfbundle; includeInIndex = 0; path = "cool-iosTests.xctest"; sourceTree = BUILT_PRODUCTS_DIR; };
		DF0D94982CEF817600E6C3B9 /* cool_iosTests.swift */ = {isa = PBXFileReference; lastKnownFileType = sourcecode.swift; path = cool_iosTests.swift; sourceTree = "<group>"; };
		DF0D949E2CEF817600E6C3B9 /* cool-iosUITests.xctest */ = {isa = PBXFileReference; explicitFileType = wrapper.cfbundle; includeInIndex = 0; path = "cool-iosUITests.xctest"; sourceTree = BUILT_PRODUCTS_DIR; };
		DF0D94A22CEF817600E6C3B9 /* cool_iosUITests.swift */ = {isa = PBXFileReference; lastKnownFileType = sourcecode.swift; path = cool_iosUITests.swift; sourceTree = "<group>"; };
		DF0D94A42CEF817600E6C3B9 /* cool_iosUITestsLaunchTests.swift */ = {isa = PBXFileReference; lastKnownFileType = sourcecode.swift; path = cool_iosUITestsLaunchTests.swift; sourceTree = "<group>"; };
		DF0D94B52CF0210600E6C3B9 /* Info-Debug.plist */ = {isa = PBXFileReference; fileEncoding = 4; lastKnownFileType = text.plist.xml; path = "Info-Debug.plist"; sourceTree = "<group>"; };
		DF0D94B72CF0213300E6C3B9 /* Info-Release.plist */ = {isa = PBXFileReference; fileEncoding = 4; lastKnownFileType = text.plist.xml; path = "Info-Release.plist"; sourceTree = "<group>"; };
/* End PBXFileReference section */

/* Begin PBXFrameworksBuildPhase section */
		DF0D947B2CEF817500E6C3B9 /* Frameworks */ = {
			isa = PBXFrameworksBuildPhase;
			buildActionMask = 2147483647;
			files = (
				1BE9E2783DB552D62F3BCFBB /* Pods_cool_ios.framework in Frameworks */,
			);
			runOnlyForDeploymentPostprocessing = 0;
		};
		DF0D94912CEF817600E6C3B9 /* Frameworks */ = {
			isa = PBXFrameworksBuildPhase;
			buildActionMask = 2147483647;
			files = (
				B7F3CC3F497C5AB0B379705D /* Pods_cool_iosTests.framework in Frameworks */,
			);
			runOnlyForDeploymentPostprocessing = 0;
		};
		DF0D949B2CEF817600E6C3B9 /* Frameworks */ = {
			isa = PBXFrameworksBuildPhase;
			buildActionMask = 2147483647;
			files = (
				259808F34C1CB09B7FC41F5A /* Pods_cool_ios_cool_iosUITests.framework in Frameworks */,
			);
			runOnlyForDeploymentPostprocessing = 0;
		};
/* End PBXFrameworksBuildPhase section */

/* Begin PBXGroup section */
		44ACEF43413A3C0E369B6EDC /* Pods */ = {
			isa = PBXGroup;
			children = (
				76327F4EC35BBC9065C86BDA /* Pods-cool-ios.debug.xcconfig */,
				0FC11333BF45A7C6320553CE /* Pods-cool-ios.release.xcconfig */,
				8CDB75B15451F8943025AC72 /* Pods-cool-ios-cool-iosUITests.debug.xcconfig */,
				BC36236437677D0C6E5671F4 /* Pods-cool-ios-cool-iosUITests.release.xcconfig */,
				53D0740219C1D2C95DE6DE65 /* Pods-cool-iosTests.debug.xcconfig */,
				6FF576628E92CB7FA0DE5BD6 /* Pods-cool-iosTests.release.xcconfig */,
			);
			path = Pods;
			sourceTree = "<group>";
		};
		D4838B3F762133438878AFE6 /* Frameworks */ = {
			isa = PBXGroup;
			children = (
				8AA9A7FC9BCD6BCBB0DC6EA2 /* Pods_cool_ios.framework */,
				775C5C753A64196E2D2D6E36 /* Pods_cool_ios_cool_iosUITests.framework */,
				367F70064F37B81F9584F6B7 /* Pods_cool_iosTests.framework */,
			);
			name = Frameworks;
			sourceTree = "<group>";
		};
		DF0D94752CEF817500E6C3B9 = {
			isa = PBXGroup;
			children = (
				DF0D94802CEF817500E6C3B9 /* cool-ios */,
				DF0D94972CEF817600E6C3B9 /* cool-iosTests */,
				DF0D94A12CEF817600E6C3B9 /* cool-iosUITests */,
				DF0D947F2CEF817500E6C3B9 /* Products */,
				44ACEF43413A3C0E369B6EDC /* Pods */,
				D4838B3F762133438878AFE6 /* Frameworks */,
			);
			sourceTree = "<group>";
		};
		DF0D947F2CEF817500E6C3B9 /* Products */ = {
			isa = PBXGroup;
			children = (
				DF0D947E2CEF817500E6C3B9 /* cool-ios.app */,
				DF0D94942CEF817600E6C3B9 /* cool-iosTests.xctest */,
				DF0D949E2CEF817600E6C3B9 /* cool-iosUITests.xctest */,
			);
			name = Products;
			sourceTree = "<group>";
		};
		DF0D94802CEF817500E6C3B9 /* cool-ios */ = {
			isa = PBXGroup;
			children = (
				DF0D94812CEF817500E6C3B9 /* AppDelegate.swift */,
				DF0D94832CEF817500E6C3B9 /* SceneDelegate.swift */,
				DF0D94852CEF817500E6C3B9 /* ViewController.swift */,
				DF0D94872CEF817500E6C3B9 /* Main.storyboard */,
				DF0D948A2CEF817600E6C3B9 /* Assets.xcassets */,
				DF0D948C2CEF817600E6C3B9 /* LaunchScreen.storyboard */,
				DF0D94B52CF0210600E6C3B9 /* Info-Debug.plist */,
				DF0D94B72CF0213300E6C3B9 /* Info-Release.plist */,
			);
			path = "cool-ios";
			sourceTree = "<group>";
		};
		DF0D94972CEF817600E6C3B9 /* cool-iosTests */ = {
			isa = PBXGroup;
			children = (
				DF0D94982CEF817600E6C3B9 /* cool_iosTests.swift */,
			);
			path = "cool-iosTests";
			sourceTree = "<group>";
		};
		DF0D94A12CEF817600E6C3B9 /* cool-iosUITests */ = {
			isa = PBXGroup;
			children = (
				DF0D94A22CEF817600E6C3B9 /* cool_iosUITests.swift */,
				DF0D94A42CEF817600E6C3B9 /* cool_iosUITestsLaunchTests.swift */,
			);
			path = "cool-iosUITests";
			sourceTree = "<group>";
		};
/* End PBXGroup section */

/* Begin PBXNativeTarget section */
		DF0D947D2CEF817500E6C3B9 /* cool-ios */ = {
			isa = PBXNativeTarget;
			buildConfigurationList = DF0D94A82CEF817600E6C3B9 /* Build configuration list for PBXNativeTarget "cool-ios" */;
			buildPhases = (
				93FA2941EFD7792F3ACBC11B /* [CP] Check Pods Manifest.lock */,
				2E7C1221FE64470E26ACAA0F /* [CP-User] Run Flutter Build flutter_module Script */,
				DF0D947A2CEF817500E6C3B9 /* Sources */,
				DF0D947B2CEF817500E6C3B9 /* Frameworks */,
				DF0D947C2CEF817500E6C3B9 /* Resources */,
				59057B5E5F61026FA1E648C2 /* [CP-User] Embed Flutter Build flutter_module Script */,
			);
			buildRules = (
			);
			dependencies = (
			);
			name = "cool-ios";
			productName = "cool-ios";
			productReference = DF0D947E2CEF817500E6C3B9 /* cool-ios.app */;
			productType = "com.apple.product-type.application";
		};
		DF0D94932CEF817600E6C3B9 /* cool-iosTests */ = {
			isa = PBXNativeTarget;
			buildConfigurationList = DF0D94AB2CEF817600E6C3B9 /* Build configuration list for PBXNativeTarget "cool-iosTests" */;
			buildPhases = (
				B4D79BAFF488B3A32A0E070B /* [CP] Check Pods Manifest.lock */,
				DF0D94902CEF817600E6C3B9 /* Sources */,
				DF0D94912CEF817600E6C3B9 /* Frameworks */,
				DF0D94922CEF817600E6C3B9 /* Resources */,
			);
			buildRules = (
			);
			dependencies = (
				DF0D94962CEF817600E6C3B9 /* PBXTargetDependency */,
			);
			name = "cool-iosTests";
			productName = "cool-iosTests";
			productReference = DF0D94942CEF817600E6C3B9 /* cool-iosTests.xctest */;
			productType = "com.apple.product-type.bundle.unit-test";
		};
		DF0D949D2CEF817600E6C3B9 /* cool-iosUITests */ = {
			isa = PBXNativeTarget;
			buildConfigurationList = DF0D94AE2CEF817600E6C3B9 /* Build configuration list for PBXNativeTarget "cool-iosUITests" */;
			buildPhases = (
				C0092E1FAAF4227985BDBE4F /* [CP] Check Pods Manifest.lock */,
				DF0D949A2CEF817600E6C3B9 /* Sources */,
				DF0D949B2CEF817600E6C3B9 /* Frameworks */,
				DF0D949C2CEF817600E6C3B9 /* Resources */,
			);
			buildRules = (
			);
			dependencies = (
				DF0D94A02CEF817600E6C3B9 /* PBXTargetDependency */,
			);
			name = "cool-iosUITests";
			productName = "cool-iosUITests";
			productReference = DF0D949E2CEF817600E6C3B9 /* cool-iosUITests.xctest */;
			productType = "com.apple.product-type.bundle.ui-testing";
		};
/* End PBXNativeTarget section */

/* Begin PBXProject section */
		DF0D94762CEF817500E6C3B9 /* Project object */ = {
			isa = PBXProject;
			attributes = {
				BuildIndependentTargetsInParallel = 1;
				LastSwiftUpdateCheck = 1540;
				LastUpgradeCheck = 1540;
				TargetAttributes = {
					DF0D947D2CEF817500E6C3B9 = {
						CreatedOnToolsVersion = 15.4;
					};
					DF0D94932CEF817600E6C3B9 = {
						CreatedOnToolsVersion = 15.4;
						TestTargetID = DF0D947D2CEF817500E6C3B9;
					};
					DF0D949D2CEF817600E6C3B9 = {
						CreatedOnToolsVersion = 15.4;
						TestTargetID = DF0D947D2CEF817500E6C3B9;
					};
				};
			};
			buildConfigurationList = DF0D94792CEF817500E6C3B9 /* Build configuration list for PBXProject "cool-ios" */;
			compatibilityVersion = "Xcode 14.0";
			developmentRegion = en;
			hasScannedForEncodings = 0;
			knownRegions = (
				en,
				Base,
			);
			mainGroup = DF0D94752CEF817500E6C3B9;
			productRefGroup = DF0D947F2CEF817500E6C3B9 /* Products */;
			projectDirPath = "";
			projectRoot = "";
			targets = (
				DF0D947D2CEF817500E6C3B9 /* cool-ios */,
				DF0D94932CEF817600E6C3B9 /* cool-iosTests */,
				DF0D949D2CEF817600E6C3B9 /* cool-iosUITests */,
			);
		};
/* End PBXProject section */

/* Begin PBXResourcesBuildPhase section */
		DF0D947C2CEF817500E6C3B9 /* Resources */ = {
			isa = PBXResourcesBuildPhase;
			buildActionMask = 2147483647;
			files = (
				DF0D94B62CF0210600E6C3B9 /* Info-Debug.plist in Resources */,
				DF0D948B2CEF817600E6C3B9 /* Assets.xcassets in Resources */,
				DF0D948E2CEF817600E6C3B9 /* Base in Resources */,
				DF0D94892CEF817500E6C3B9 /* Base in Resources */,
			);
			runOnlyForDeploymentPostprocessing = 0;
		};
		DF0D94922CEF817600E6C3B9 /* Resources */ = {
			isa = PBXResourcesBuildPhase;
			buildActionMask = 2147483647;
			files = (
			);
			runOnlyForDeploymentPostprocessing = 0;
		};
		DF0D949C2CEF817600E6C3B9 /* Resources */ = {
			isa = PBXResourcesBuildPhase;
			buildActionMask = 2147483647;
			files = (
			);
			runOnlyForDeploymentPostprocessing = 0;
		};
/* End PBXResourcesBuildPhase section */

/* Begin PBXShellScriptBuildPhase section */
		2E7C1221FE64470E26ACAA0F /* [CP-User] Run Flutter Build flutter_module Script */ = {
			isa = PBXShellScriptBuildPhase;
			buildActionMask = 2147483647;
			files = (
			);
			inputPaths = (
			);
			name = "[CP-User] Run Flutter Build flutter_module Script";
			outputPaths = (
			);
			runOnlyForDeploymentPostprocessing = 0;
			shellPath = /bin/sh;
			shellScript = "set -e\nset -u\nsource \"${SRCROOT}/../flutter_module/.ios/Flutter/flutter_export_environment.sh\"\nexport VERBOSE_SCRIPT_LOGGING=1 && \"$FLUTTER_ROOT\"/packages/flutter_tools/bin/xcode_backend.sh build";
		};
		59057B5E5F61026FA1E648C2 /* [CP-User] Embed Flutter Build flutter_module Script */ = {
			isa = PBXShellScriptBuildPhase;
			buildActionMask = 2147483647;
			files = (
			);
			inputPaths = (
			);
			name = "[CP-User] Embed Flutter Build flutter_module Script";
			outputPaths = (
			);
			runOnlyForDeploymentPostprocessing = 0;
			shellPath = /bin/sh;
			shellScript = "set -e\nset -u\nsource \"${SRCROOT}/../flutter_module/.ios/Flutter/flutter_export_environment.sh\"\nexport VERBOSE_SCRIPT_LOGGING=1 && \"$FLUTTER_ROOT\"/packages/flutter_tools/bin/xcode_backend.sh embed_and_thin";
		};
		93FA2941EFD7792F3ACBC11B /* [CP] Check Pods Manifest.lock */ = {
			isa = PBXShellScriptBuildPhase;
			buildActionMask = 2147483647;
			files = (
			);
			inputFileListPaths = (
			);
			inputPaths = (
				"${PODS_PODFILE_DIR_PATH}/Podfile.lock",
				"${PODS_ROOT}/Manifest.lock",
			);
			name = "[CP] Check Pods Manifest.lock";
			outputFileListPaths = (
			);
			outputPaths = (
				"$(DERIVED_FILE_DIR)/Pods-cool-ios-checkManifestLockResult.txt",
			);
			runOnlyForDeploymentPostprocessing = 0;
			shellPath = /bin/sh;
			shellScript = "diff \"${PODS_PODFILE_DIR_PATH}/Podfile.lock\" \"${PODS_ROOT}/Manifest.lock\" > /dev/null\nif [ $? != 0 ] ; then\n    # print error to STDERR\n    echo \"error: The sandbox is not in sync with the Podfile.lock. Run 'pod install' or update your CocoaPods installation.\" >&2\n    exit 1\nfi\n# This output is used by Xcode 'outputs' to avoid re-running this script phase.\necho \"SUCCESS\" > \"${SCRIPT_OUTPUT_FILE_0}\"\n";
			showEnvVarsInLog = 0;
		};
		B4D79BAFF488B3A32A0E070B /* [CP] Check Pods Manifest.lock */ = {
			isa = PBXShellScriptBuildPhase;
			buildActionMask = 2147483647;
			files = (
			);
			inputFileListPaths = (
			);
			inputPaths = (
				"${PODS_PODFILE_DIR_PATH}/Podfile.lock",
				"${PODS_ROOT}/Manifest.lock",
			);
			name = "[CP] Check Pods Manifest.lock";
			outputFileListPaths = (
			);
			outputPaths = (
				"$(DERIVED_FILE_DIR)/Pods-cool-iosTests-checkManifestLockResult.txt",
			);
			runOnlyForDeploymentPostprocessing = 0;
			shellPath = /bin/sh;
			shellScript = "diff \"${PODS_PODFILE_DIR_PATH}/Podfile.lock\" \"${PODS_ROOT}/Manifest.lock\" > /dev/null\nif [ $? != 0 ] ; then\n    # print error to STDERR\n    echo \"error: The sandbox is not in sync with the Podfile.lock. Run 'pod install' or update your CocoaPods installation.\" >&2\n    exit 1\nfi\n# This output is used by Xcode 'outputs' to avoid re-running this script phase.\necho \"SUCCESS\" > \"${SCRIPT_OUTPUT_FILE_0}\"\n";
			showEnvVarsInLog = 0;
		};
		C0092E1FAAF4227985BDBE4F /* [CP] Check Pods Manifest.lock */ = {
			isa = PBXShellScriptBuildPhase;
			buildActionMask = 2147483647;
			files = (
			);
			inputFileListPaths = (
			);
			inputPaths = (
				"${PODS_PODFILE_DIR_PATH}/Podfile.lock",
				"${PODS_ROOT}/Manifest.lock",
			);
			name = "[CP] Check Pods Manifest.lock";
			outputFileListPaths = (
			);
			outputPaths = (
				"$(DERIVED_FILE_DIR)/Pods-cool-ios-cool-iosUITests-checkManifestLockResult.txt",
			);
			runOnlyForDeploymentPostprocessing = 0;
			shellPath = /bin/sh;
			shellScript = "diff \"${PODS_PODFILE_DIR_PATH}/Podfile.lock\" \"${PODS_ROOT}/Manifest.lock\" > /dev/null\nif [ $? != 0 ] ; then\n    # print error to STDERR\n    echo \"error: The sandbox is not in sync with the Podfile.lock. Run 'pod install' or update your CocoaPods installation.\" >&2\n    exit 1\nfi\n# This output is used by Xcode 'outputs' to avoid re-running this script phase.\necho \"SUCCESS\" > \"${SCRIPT_OUTPUT_FILE_0}\"\n";
			showEnvVarsInLog = 0;
		};
/* End PBXShellScriptBuildPhase section */

/* Begin PBXSourcesBuildPhase section */
		DF0D947A2CEF817500E6C3B9 /* Sources */ = {
			isa = PBXSourcesBuildPhase;
			buildActionMask = 2147483647;
			files = (
				DF0D94862CEF817500E6C3B9 /* ViewController.swift in Sources */,
				DF0D94822CEF817500E6C3B9 /* AppDelegate.swift in Sources */,
				DF0D94842CEF817500E6C3B9 /* SceneDelegate.swift in Sources */,
			);
			runOnlyForDeploymentPostprocessing = 0;
		};
		DF0D94902CEF817600E6C3B9 /* Sources */ = {
			isa = PBXSourcesBuildPhase;
			buildActionMask = 2147483647;
			files = (
				DF0D94992CEF817600E6C3B9 /* cool_iosTests.swift in Sources */,
			);
			runOnlyForDeploymentPostprocessing = 0;
		};
		DF0D949A2CEF817600E6C3B9 /* Sources */ = {
			isa = PBXSourcesBuildPhase;
			buildActionMask = 2147483647;
			files = (
				DF0D94A52CEF817600E6C3B9 /* cool_iosUITestsLaunchTests.swift in Sources */,
				DF0D94A32CEF817600E6C3B9 /* cool_iosUITests.swift in Sources */,
			);
			runOnlyForDeploymentPostprocessing = 0;
		};
/* End PBXSourcesBuildPhase section */

/* Begin PBXTargetDependency section */
		DF0D94962CEF817600E6C3B9 /* PBXTargetDependency */ = {
			isa = PBXTargetDependency;
			target = DF0D947D2CEF817500E6C3B9 /* cool-ios */;
			targetProxy = DF0D94952CEF817600E6C3B9 /* PBXContainerItemProxy */;
		};
		DF0D94A02CEF817600E6C3B9 /* PBXTargetDependency */ = {
			isa = PBXTargetDependency;
			target = DF0D947D2CEF817500E6C3B9 /* cool-ios */;
			targetProxy = DF0D949F2CEF817600E6C3B9 /* PBXContainerItemProxy */;
		};
/* End PBXTargetDependency section */

/* Begin PBXVariantGroup section */
		DF0D94872CEF817500E6C3B9 /* Main.storyboard */ = {
			isa = PBXVariantGroup;
			children = (
				DF0D94882CEF817500E6C3B9 /* Base */,
			);
			name = Main.storyboard;
			sourceTree = "<group>";
		};
		DF0D948C2CEF817600E6C3B9 /* LaunchScreen.storyboard */ = {
			isa = PBXVariantGroup;
			children = (
				DF0D948D2CEF817600E6C3B9 /* Base */,
			);
			name = LaunchScreen.storyboard;
			sourceTree = "<group>";
		};
/* End PBXVariantGroup section */

/* Begin XCBuildConfiguration section */
		DF0D94A62CEF817600E6C3B9 /* Debug */ = {
			isa = XCBuildConfiguration;
			buildSettings = {
				ALWAYS_SEARCH_USER_PATHS = NO;
				ASSETCATALOG_COMPILER_GENERATE_SWIFT_ASSET_SYMBOL_EXTENSIONS = YES;
				CLANG_ANALYZER_NONNULL = YES;
				CLANG_ANALYZER_NUMBER_OBJECT_CONVERSION = YES_AGGRESSIVE;
				CLANG_CXX_LANGUAGE_STANDARD = "gnu++20";
				CLANG_ENABLE_MODULES = YES;
				CLANG_ENABLE_OBJC_ARC = YES;
				CLANG_ENABLE_OBJC_WEAK = YES;
				CLANG_WARN_BLOCK_CAPTURE_AUTORELEASING = YES;
				CLANG_WARN_BOOL_CONVERSION = YES;
				CLANG_WARN_COMMA = YES;
				CLANG_WARN_CONSTANT_CONVERSION = YES;
				CLANG_WARN_DEPRECATED_OBJC_IMPLEMENTATIONS = YES;
				CLANG_WARN_DIRECT_OBJC_ISA_USAGE = YES_ERROR;
				CLANG_WARN_DOCUMENTATION_COMMENTS = YES;
				CLANG_WARN_EMPTY_BODY = YES;
				CLANG_WARN_ENUM_CONVERSION = YES;
				CLANG_WARN_INFINITE_RECURSION = YES;
				CLANG_WARN_INT_CONVERSION = YES;
				CLANG_WARN_NON_LITERAL_NULL_CONVERSION = YES;
				CLANG_WARN_OBJC_IMPLICIT_RETAIN_SELF = YES;
				CLANG_WARN_OBJC_LITERAL_CONVERSION = YES;
				CLANG_WARN_OBJC_ROOT_CLASS = YES_ERROR;
				CLANG_WARN_QUOTED_INCLUDE_IN_FRAMEWORK_HEADER = YES;
				CLANG_WARN_RANGE_LOOP_ANALYSIS = YES;
				CLANG_WARN_STRICT_PROTOTYPES = YES;
				CLANG_WARN_SUSPICIOUS_MOVE = YES;
				CLANG_WARN_UNGUARDED_AVAILABILITY = YES_AGGRESSIVE;
				CLANG_WARN_UNREACHABLE_CODE = YES;
				CLANG_WARN__DUPLICATE_METHOD_MATCH = YES;
				COPY_PHASE_STRIP = NO;
				DEBUG_INFORMATION_FORMAT = dwarf;
				ENABLE_STRICT_OBJC_MSGSEND = YES;
				ENABLE_TESTABILITY = YES;
				ENABLE_USER_SCRIPT_SANDBOXING = YES;
				GCC_C_LANGUAGE_STANDARD = gnu17;
				GCC_DYNAMIC_NO_PIC = NO;
				GCC_NO_COMMON_BLOCKS = YES;
				GCC_OPTIMIZATION_LEVEL = 0;
				GCC_PREPROCESSOR_DEFINITIONS = (
					"DEBUG=1",
					"$(inherited)",
				);
				GCC_WARN_64_TO_32_BIT_CONVERSION = YES;
				GCC_WARN_ABOUT_RETURN_TYPE = YES_ERROR;
				GCC_WARN_UNDECLARED_SELECTOR = YES;
				GCC_WARN_UNINITIALIZED_AUTOS = YES_AGGRESSIVE;
				GCC_WARN_UNUSED_FUNCTION = YES;
				GCC_WARN_UNUSED_VARIABLE = YES;
				IPHONEOS_DEPLOYMENT_TARGET = 17.5;
				LOCALIZATION_PREFERS_STRING_CATALOGS = YES;
				MTL_ENABLE_DEBUG_INFO = INCLUDE_SOURCE;
				MTL_FAST_MATH = YES;
				ONLY_ACTIVE_ARCH = YES;
				SDKROOT = iphoneos;
				SWIFT_ACTIVE_COMPILATION_CONDITIONS = "DEBUG $(inherited)";
				SWIFT_OPTIMIZATION_LEVEL = "-Onone";
			};
			name = Debug;
		};
		DF0D94A72CEF817600E6C3B9 /* Release */ = {
			isa = XCBuildConfiguration;
			buildSettings = {
				ALWAYS_SEARCH_USER_PATHS = NO;
				ASSETCATALOG_COMPILER_GENERATE_SWIFT_ASSET_SYMBOL_EXTENSIONS = YES;
				CLANG_ANALYZER_NONNULL = YES;
				CLANG_ANALYZER_NUMBER_OBJECT_CONVERSION = YES_AGGRESSIVE;
				CLANG_CXX_LANGUAGE_STANDARD = "gnu++20";
				CLANG_ENABLE_MODULES = YES;
				CLANG_ENABLE_OBJC_ARC = YES;
				CLANG_ENABLE_OBJC_WEAK = YES;
				CLANG_WARN_BLOCK_CAPTURE_AUTORELEASING = YES;
				CLANG_WARN_BOOL_CONVERSION = YES;
				CLANG_WARN_COMMA = YES;
				CLANG_WARN_CONSTANT_CONVERSION = YES;
				CLANG_WARN_DEPRECATED_OBJC_IMPLEMENTATIONS = YES;
				CLANG_WARN_DIRECT_OBJC_ISA_USAGE = YES_ERROR;
				CLANG_WARN_DOCUMENTATION_COMMENTS = YES;
				CLANG_WARN_EMPTY_BODY = YES;
				CLANG_WARN_ENUM_CONVERSION = YES;
				CLANG_WARN_INFINITE_RECURSION = YES;
				CLANG_WARN_INT_CONVERSION = YES;
				CLANG_WARN_NON_LITERAL_NULL_CONVERSION = YES;
				CLANG_WARN_OBJC_IMPLICIT_RETAIN_SELF = YES;
				CLANG_WARN_OBJC_LITERAL_CONVERSION = YES;
				CLANG_WARN_OBJC_ROOT_CLASS = YES_ERROR;
				CLANG_WARN_QUOTED_INCLUDE_IN_FRAMEWORK_HEADER = YES;
				CLANG_WARN_RANGE_LOOP_ANALYSIS = YES;
				CLANG_WARN_STRICT_PROTOTYPES = YES;
				CLANG_WARN_SUSPICIOUS_MOVE = YES;
				CLANG_WARN_UNGUARDED_AVAILABILITY = YES_AGGRESSIVE;
				CLANG_WARN_UNREACHABLE_CODE = YES;
				CLANG_WARN__DUPLICATE_METHOD_MATCH = YES;
				COPY_PHASE_STRIP = NO;
				DEBUG_INFORMATION_FORMAT = "dwarf-with-dsym";
				ENABLE_NS_ASSERTIONS = NO;
				ENABLE_STRICT_OBJC_MSGSEND = YES;
				ENABLE_USER_SCRIPT_SANDBOXING = YES;
				GCC_C_LANGUAGE_STANDARD = gnu17;
				GCC_NO_COMMON_BLOCKS = YES;
				GCC_WARN_64_TO_32_BIT_CONVERSION = YES;
				GCC_WARN_ABOUT_RETURN_TYPE = YES_ERROR;
				GCC_WARN_UNDECLARED_SELECTOR = YES;
				GCC_WARN_UNINITIALIZED_AUTOS = YES_AGGRESSIVE;
				GCC_WARN_UNUSED_FUNCTION = YES;
				GCC_WARN_UNUSED_VARIABLE = YES;
				IPHONEOS_DEPLOYMENT_TARGET = 17.5;
				LOCALIZATION_PREFERS_STRING_CATALOGS = YES;
				MTL_ENABLE_DEBUG_INFO = NO;
				MTL_FAST_MATH = YES;
				SDKROOT = iphoneos;
				SWIFT_COMPILATION_MODE = wholemodule;
				VALIDATE_PRODUCT = YES;
			};
			name = Release;
		};
		DF0D94A92CEF817600E6C3B9 /* Debug */ = {
			isa = XCBuildConfiguration;
			baseConfigurationReference = 76327F4EC35BBC9065C86BDA /* Pods-cool-ios.debug.xcconfig */;
			buildSettings = {
				ASSETCATALOG_COMPILER_APPICON_NAME = AppIcon;
				ASSETCATALOG_COMPILER_GLOBAL_ACCENT_COLOR_NAME = AccentColor;
				CODE_SIGN_STYLE = Automatic;
				CURRENT_PROJECT_VERSION = 1;
				DEVELOPMENT_TEAM = 63825DC969;
				ENABLE_USER_SCRIPT_SANDBOXING = NO;
				GENERATE_INFOPLIST_FILE = YES;
				INFOPLIST_FILE = "cool-ios/Info-${CONFIGURATION}.plist";
				INFOPLIST_KEY_UIApplicationSupportsIndirectInputEvents = YES;
				INFOPLIST_KEY_UILaunchStoryboardName = LaunchScreen;
				INFOPLIST_KEY_UIMainStoryboardFile = Main;
				INFOPLIST_KEY_UISupportedInterfaceOrientations_iPad = "UIInterfaceOrientationPortrait UIInterfaceOrientationPortraitUpsideDown UIInterfaceOrientationLandscapeLeft UIInterfaceOrientationLandscapeRight";
				INFOPLIST_KEY_UISupportedInterfaceOrientations_iPhone = "UIInterfaceOrientationPortrait UIInterfaceOrientationLandscapeLeft UIInterfaceOrientationLandscapeRight";
				LD_RUNPATH_SEARCH_PATHS = (
					"$(inherited)",
					"@executable_path/Frameworks",
				);
				MARKETING_VERSION = 1.0;
				PRODUCT_BUNDLE_IDENTIFIER = "com.theamorn.cool-ios";
				PRODUCT_NAME = "$(TARGET_NAME)";
				SWIFT_EMIT_LOC_STRINGS = YES;
				SWIFT_VERSION = 5.0;
				TARGETED_DEVICE_FAMILY = "1,2";
			};
			name = Debug;
		};
		DF0D94AA2CEF817600E6C3B9 /* Release */ = {
			isa = XCBuildConfiguration;
			baseConfigurationReference = 0FC11333BF45A7C6320553CE /* Pods-cool-ios.release.xcconfig */;
			buildSettings = {
				ASSETCATALOG_COMPILER_APPICON_NAME = AppIcon;
				ASSETCATALOG_COMPILER_GLOBAL_ACCENT_COLOR_NAME = AccentColor;
				CODE_SIGN_STYLE = Automatic;
				CURRENT_PROJECT_VERSION = 1;
				DEVELOPMENT_TEAM = 63825DC969;
				ENABLE_USER_SCRIPT_SANDBOXING = NO;
				GENERATE_INFOPLIST_FILE = YES;
				INFOPLIST_FILE = "cool-ios/Info-${CONFIGURATION}.plist";
				INFOPLIST_KEY_UIApplicationSupportsIndirectInputEvents = YES;
				INFOPLIST_KEY_UILaunchStoryboardName = LaunchScreen;
				INFOPLIST_KEY_UIMainStoryboardFile = Main;
				INFOPLIST_KEY_UISupportedInterfaceOrientations_iPad = "UIInterfaceOrientationPortrait UIInterfaceOrientationPortraitUpsideDown UIInterfaceOrientationLandscapeLeft UIInterfaceOrientationLandscapeRight";
				INFOPLIST_KEY_UISupportedInterfaceOrientations_iPhone = "UIInterfaceOrientationPortrait UIInterfaceOrientationLandscapeLeft UIInterfaceOrientationLandscapeRight";
				LD_RUNPATH_SEARCH_PATHS = (
					"$(inherited)",
					"@executable_path/Frameworks",
				);
				MARKETING_VERSION = 1.0;
				PRODUCT_BUNDLE_IDENTIFIER = "com.theamorn.cool-ios";
				PRODUCT_NAME = "$(TARGET_NAME)";
				SWIFT_EMIT_LOC_STRINGS = YES;
				SWIFT_VERSION = 5.0;
				TARGETED_DEVICE_FAMILY = "1,2";
			};
			name = Release;
		};
		DF0D94AC2CEF817600E6C3B9 /* Debug */ = {
			isa = XCBuildConfiguration;
			baseConfigurationReference = 53D0740219C1D2C95DE6DE65 /* Pods-cool-iosTests.debug.xcconfig */;
			buildSettings = {
				ALWAYS_EMBED_SWIFT_STANDARD_LIBRARIES = YES;
				BUNDLE_LOADER = "$(TEST_HOST)";
				CODE_SIGN_STYLE = Automatic;
				CURRENT_PROJECT_VERSION = 1;
				GENERATE_INFOPLIST_FILE = YES;
				IPHONEOS_DEPLOYMENT_TARGET = 17.5;
				MARKETING_VERSION = 1.0;
				PRODUCT_BUNDLE_IDENTIFIER = "com.theamorn.cool-iosTests";
				PRODUCT_NAME = "$(TARGET_NAME)";
				SWIFT_EMIT_LOC_STRINGS = NO;
				SWIFT_VERSION = 5.0;
				TARGETED_DEVICE_FAMILY = "1,2";
				TEST_HOST = "$(BUILT_PRODUCTS_DIR)/cool-ios.app/$(BUNDLE_EXECUTABLE_FOLDER_PATH)/cool-ios";
			};
			name = Debug;
		};
		DF0D94AD2CEF817600E6C3B9 /* Release */ = {
			isa = XCBuildConfiguration;
			baseConfigurationReference = 6FF576628E92CB7FA0DE5BD6 /* Pods-cool-iosTests.release.xcconfig */;
			buildSettings = {
				ALWAYS_EMBED_SWIFT_STANDARD_LIBRARIES = YES;
				BUNDLE_LOADER = "$(TEST_HOST)";
				CODE_SIGN_STYLE = Automatic;
				CURRENT_PROJECT_VERSION = 1;
				GENERATE_INFOPLIST_FILE = YES;
				IPHONEOS_DEPLOYMENT_TARGET = 17.5;
				MARKETING_VERSION = 1.0;
				PRODUCT_BUNDLE_IDENTIFIER = "com.theamorn.cool-iosTests";
				PRODUCT_NAME = "$(TARGET_NAME)";
				SWIFT_EMIT_LOC_STRINGS = NO;
				SWIFT_VERSION = 5.0;
				TARGETED_DEVICE_FAMILY = "1,2";
				TEST_HOST = "$(BUILT_PRODUCTS_DIR)/cool-ios.app/$(BUNDLE_EXECUTABLE_FOLDER_PATH)/cool-ios";
			};
			name = Release;
		};
		DF0D94AF2CEF817600E6C3B9 /* Debug */ = {
			isa = XCBuildConfiguration;
			baseConfigurationReference = 8CDB75B15451F8943025AC72 /* Pods-cool-ios-cool-iosUITests.debug.xcconfig */;
			buildSettings = {
				ALWAYS_EMBED_SWIFT_STANDARD_LIBRARIES = YES;
				CODE_SIGN_STYLE = Automatic;
				CURRENT_PROJECT_VERSION = 1;
				GENERATE_INFOPLIST_FILE = YES;
				MARKETING_VERSION = 1.0;
				PRODUCT_BUNDLE_IDENTIFIER = "com.theamorn.cool-iosUITests";
				PRODUCT_NAME = "$(TARGET_NAME)";
				SWIFT_EMIT_LOC_STRINGS = NO;
				SWIFT_VERSION = 5.0;
				TARGETED_DEVICE_FAMILY = "1,2";
				TEST_TARGET_NAME = "cool-ios";
			};
			name = Debug;
		};
		DF0D94B02CEF817600E6C3B9 /* Release */ = {
			isa = XCBuildConfiguration;
			baseConfigurationReference = BC36236437677D0C6E5671F4 /* Pods-cool-ios-cool-iosUITests.release.xcconfig */;
			buildSettings = {
				ALWAYS_EMBED_SWIFT_STANDARD_LIBRARIES = YES;
				CODE_SIGN_STYLE = Automatic;
				CURRENT_PROJECT_VERSION = 1;
				GENERATE_INFOPLIST_FILE = YES;
				MARKETING_VERSION = 1.0;
				PRODUCT_BUNDLE_IDENTIFIER = "com.theamorn.cool-iosUITests";
				PRODUCT_NAME = "$(TARGET_NAME)";
				SWIFT_EMIT_LOC_STRINGS = NO;
				SWIFT_VERSION = 5.0;
				TARGETED_DEVICE_FAMILY = "1,2";
				TEST_TARGET_NAME = "cool-ios";
			};
			name = Release;
		};
/* End XCBuildConfiguration section */

/* Begin XCConfigurationList section */
		DF0D94792CEF817500E6C3B9 /* Build configuration list for PBXProject "cool-ios" */ = {
			isa = XCConfigurationList;
			buildConfigurations = (
				DF0D94A62CEF817600E6C3B9 /* Debug */,
				DF0D94A72CEF817600E6C3B9 /* Release */,
			);
			defaultConfigurationIsVisible = 0;
			defaultConfigurationName = Release;
		};
		DF0D94A82CEF817600E6C3B9 /* Build configuration list for PBXNativeTarget "cool-ios" */ = {
			isa = XCConfigurationList;
			buildConfigurations = (
				DF0D94A92CEF817600E6C3B9 /* Debug */,
				DF0D94AA2CEF817600E6C3B9 /* Release */,
			);
			defaultConfigurationIsVisible = 0;
			defaultConfigurationName = Release;
		};
		DF0D94AB2CEF817600E6C3B9 /* Build configuration list for PBXNativeTarget "cool-iosTests" */ = {
			isa = XCConfigurationList;
			buildConfigurations = (
				DF0D94AC2CEF817600E6C3B9 /* Debug */,
				DF0D94AD2CEF817600E6C3B9 /* Release */,
			);
			defaultConfigurationIsVisible = 0;
			defaultConfigurationName = Release;
		};
		DF0D94AE2CEF817600E6C3B9 /* Build configuration list for PBXNativeTarget "cool-iosUITests" */ = {
			isa = XCConfigurationList;
			buildConfigurations = (
				DF0D94AF2CEF817600E6C3B9 /* Debug */,
				DF0D94B02CEF817600E6C3B9 /* Release */,
			);
			defaultConfigurationIsVisible = 0;
			defaultConfigurationName = Release;
		};
/* End XCConfigurationList section */
	};
	rootObject = DF0D94762CEF817500E6C3B9 /* Project object */;
}
